
Microsoft Visual Studio Solution File, Format Version 12.00
# Visual Studio Version 17
VisualStudioVersion = 17.12.35514.174 d17.12
MinimumVisualStudioVersion = 10.0.40219.1
Project("{FAE04EC0-301F-11D3-BF4B-00C04F79EFBC}") = "wpfControlContent", "wpfControlContent\wpfControlContent.csproj", "{A479F178-1093-4700-BB78-13D4DFFA136B}"
EndProject
Global
	GlobalSection(SolutionConfigurationPlatforms) = preSolution
		Debug|Any CPU = Debug|Any CPU
		Release|Any CPU = Release|Any CPU
	EndGlobalSection
	GlobalSection(ProjectConfigurationPlatforms) = postSolution
		{A479F178-1093-4700-BB78-13D4DFFA136B}.Debug|Any CPU.ActiveCfg = Debug|Any CPU
		{A479F178-1093-4700-BB78-13D4DFFA136B}.Debug|Any CPU.Build.0 = Debug|Any CPU
		{A479F178-1093-4700-BB78-13D4DFFA136B}.Release|Any CPU.ActiveCfg = Release|Any CPU
		{A479F178-1093-4700-BB78-13D4DFFA136B}.Release|Any CPU.Build.0 = Release|Any CPU
	EndGlobalSection
	GlobalSection(SolutionProperties) = preSolution
		HideSolutionNode = FALSE
	EndGlobalSection
EndGlobal
